// !$*UTF8*$!
{
	archiveVersion = 1;
	classes = {
	};
	objectVersion = 56;
	objects = {

/* Begin PBXBuildFile section */
		1A1A1A1A1A1A1A1A1A1A1A1A /* CheckLoopApp.swift in Sources */ = {isa = PBXBuildFile; fileRef = 2A2A2A2A2A2A2A2A2A2A2A2A /* CheckLoopApp.swift */; };
		1A1A1A1A1A1A1A1A1A1A1A1B /* ContentView.swift in Sources */ = {isa = PBXBuildFile; fileRef = 2A2A2A2A2A2A2A2A2A2A2A2B /* ContentView.swift */; };
		1A1A1A1A1A1A1A1A1A1A1A1C /* LoginView.swift in Sources */ = {isa = PBXBuildFile; fileRef = 2A2A2A2A2A2A2A2A2A2A2A2C /* LoginView.swift */; };
		1A1A1A1A1A1A1A1A1A1A1A1D /* StaffDashboardView.swift in Sources */ = {isa = PBXBuildFile; fileRef = 2A2A2A2A2A2A2A2A2A2A2A2D /* StaffDashboardView.swift */; };
		1A1A1A1A1A1A1A1A1A1A1A1E /* TrainingView.swift in Sources */ = {isa = PBXBuildFile; fileRef = 2A2A2A2A2A2A2A2A2A2A2A2E /* TrainingView.swift */; };
		1A1A1A1A1A1A1A1A1A1A1A1F /* QuizView.swift in Sources */ = {isa = PBXBuildFile; fileRef = 2A2A2A2A2A2A2A2A2A2A2A2F /* QuizView.swift */; };
		1A1A1A1A1A1A1A1A1A1A1A20 /* HolidaysView.swift in Sources */ = {isa = PBXBuildFile; fileRef = 2A2A2A2A2A2A2A2A2A2A2A30 /* HolidaysView.swift */; };
		1A1A1A1A1A1A1A1A1A1A1A21 /* ScansView.swift in Sources */ = {isa = PBXBuildFile; fileRef = 2A2A2A2A2A2A2A2A2A2A2A31 /* ScansView.swift */; };
		1A1A1A1A1A1A1A1A1A1A1A22 /* AchievementsView.swift in Sources */ = {isa = PBXBuildFile; fileRef = 2A2A2A2A2A2A2A2A2A2A2A32 /* AchievementsView.swift */; };
		1A1A1A1A1A1A1A1A1A1A1A23 /* AuthenticationManager.swift in Sources */ = {isa = PBXBuildFile; fileRef = 2A2A2A2A2A2A2A2A2A2A2A33 /* AuthenticationManager.swift */; };
		1A1A1A1A1A1A1A1A1A1A1A24 /* NetworkManager.swift in Sources */ = {isa = PBXBuildFile; fileRef = 2A2A2A2A2A2A2A2A2A2A2A34 /* NetworkManager.swift */; };
		1A1A1A1A1A1A1A1A1A1A1A25 /* UserModel.swift in Sources */ = {isa = PBXBuildFile; fileRef = 2A2A2A2A2A2A2A2A2A2A2A35 /* UserModel.swift */; };
		1A1A1A1A1A1A1A1A1A1A1A26 /* Assets.xcassets in Resources */ = {isa = PBXBuildFile; fileRef = 2A2A2A2A2A2A2A2A2A2A2A36 /* Assets.xcassets */; };
/* End PBXBuildFile section */

/* Begin PBXFileReference section */
		2A2A2A2A2A2A2A2A2A2A2A2A /* CheckLoopApp.swift */ = {isa = PBXFileReference; lastKnownFileType = sourcecode.swift; path = CheckLoopApp.swift; sourceTree = "<group>"; };
		2A2A2A2A2A2A2A2A2A2A2A2B /* ContentView.swift */ = {isa = PBXFileReference; lastKnownFileType = sourcecode.swift; path = ContentView.swift; sourceTree = "<group>"; };
		2A2A2A2A2A2A2A2A2A2A2A2C /* LoginView.swift */ = {isa = PBXFileReference; lastKnownFileType = sourcecode.swift; path = LoginView.swift; sourceTree = "<group>"; };
		2A2A2A2A2A2A2A2A2A2A2A2D /* StaffDashboardView.swift */ = {isa = PBXFileReference; lastKnownFileType = sourcecode.swift; path = StaffDashboardView.swift; sourceTree = "<group>"; };
		2A2A2A2A2A2A2A2A2A2A2A2E /* TrainingView.swift */ = {isa = PBXFileReference; lastKnownFileType = sourcecode.swift; path = TrainingView.swift; sourceTree = "<group>"; };
		2A2A2A2A2A2A2A2A2A2A2A2F /* QuizView.swift */ = {isa = PBXFileReference; lastKnownFileType = sourcecode.swift; path = QuizView.swift; sourceTree = "<group>"; };
		2A2A2A2A2A2A2A2A2A2A2A30 /* HolidaysView.swift */ = {isa = PBXFileReference; lastKnownFileType = sourcecode.swift; path = HolidaysView.swift; sourceTree = "<group>"; };
		2A2A2A2A2A2A2A2A2A2A2A31 /* ScansView.swift */ = {isa = PBXFileReference; lastKnownFileType = sourcecode.swift; path = ScansView.swift; sourceTree = "<group>"; };
		2A2A2A2A2A2A2A2A2A2A2A32 /* AchievementsView.swift */ = {isa = PBXFileReference; lastKnownFileType = sourcecode.swift; path = AchievementsView.swift; sourceTree = "<group>"; };
		2A2A2A2A2A2A2A2A2A2A2A33 /* AuthenticationManager.swift */ = {isa = PBXFileReference; lastKnownFileType = sourcecode.swift; path = AuthenticationManager.swift; sourceTree = "<group>"; };
		2A2A2A2A2A2A2A2A2A2A2A34 /* NetworkManager.swift */ = {isa = PBXFileReference; lastKnownFileType = sourcecode.swift; path = NetworkManager.swift; sourceTree = "<group>"; };
		2A2A2A2A2A2A2A2A2A2A2A35 /* UserModel.swift */ = {isa = PBXFileReference; lastKnownFileType = sourcecode.swift; path = UserModel.swift; sourceTree = "<group>"; };
		2A2A2A2A2A2A2A2A2A2A2A36 /* Assets.xcassets */ = {isa = PBXFileReference; lastKnownFileType = folder.assetcatalog; path = Assets.xcassets; sourceTree = "<group>"; };
		3A3A3A3A3A3A3A3A3A3A3A3A /* CheckLoopApp.app */ = {isa = PBXFileReference; explicitFileType = wrapper.application; includeInIndex = 0; path = CheckLoopApp.app; sourceTree = BUILT_PRODUCTS_DIR; };
		4A4A4A4A4A4A4A4A4A4A4A4A /* Info.plist */ = {isa = PBXFileReference; lastKnownFileType = text.plist.xml; path = Info.plist; sourceTree = "<group>"; };
/* End PBXFileReference section */

/* Begin PBXFrameworksBuildPhase section */
		5A5A5A5A5A5A5A5A5A5A5A5A /* Frameworks */ = {
			isa = PBXFrameworksBuildPhase;
			buildActionMask = 2147483647;
			files = (
			);
			runOnlyForDeploymentPostprocessing = 0;
		};
/* End PBXFrameworksBuildPhase section */

/* Begin PBXGroup section */
		6A6A6A6A6A6A6A6A6A6A6A6A = {
			isa = PBXGroup;
			children = (
				7A7A7A7A7A7A7A7A7A7A7A7A /* CheckLoopApp */,
				8A8A8A8A8A8A8A8A8A8A8A8A /* Products */,
			);
			sourceTree = "<group>";
		};
		7A7A7A7A7A7A7A7A7A7A7A7A /* CheckLoopApp */ = {
			isa = PBXGroup;
			children = (
				2A2A2A2A2A2A2A2A2A2A2A2A /* CheckLoopApp.swift */,
				9A9A9A9A9A9A9A9A9A9A9A9A /* Views */,
				AAAAAAAAAAAAAAAAAAAAAAA /* Models */,
				BBBBBBBBBBBBBBBBBBBBBB /* Services */,
				2A2A2A2A2A2A2A2A2A2A2A36 /* Assets.xcassets */,
				4A4A4A4A4A4A4A4A4A4A4A4A /* Info.plist */,
			);
			path = CheckLoopApp;
			sourceTree = "<group>";
		};
		8A8A8A8A8A8A8A8A8A8A8A8A /* Products */ = {
			isa = PBXGroup;
			children = (
				3A3A3A3A3A3A3A3A3A3A3A3A /* CheckLoopApp.app */,
			);
			name = Products;
			sourceTree = "<group>";
		};
		9A9A9A9A9A9A9A9A9A9A9A9A /* Views */ = {
			isa = PBXGroup;
			children = (
				2A2A2A2A2A2A2A2A2A2A2A2B /* ContentView.swift */,
				2A2A2A2A2A2A2A2A2A2A2A2C /* LoginView.swift */,
				2A2A2A2A2A2A2A2A2A2A2A2D /* StaffDashboardView.swift */,
				2A2A2A2A2A2A2A2A2A2A2A2E /* TrainingView.swift */,
				2A2A2A2A2A2A2A2A2A2A2A2F /* QuizView.swift */,
				2A2A2A2A2A2A2A2A2A2A2A30 /* HolidaysView.swift */,
				2A2A2A2A2A2A2A2A2A2A2A31 /* ScansView.swift */,
				2A2A2A2A2A2A2A2A2A2A2A32 /* AchievementsView.swift */,
			);
			path = Views;
			sourceTree = "<group>";
		};
		AAAAAAAAAAAAAAAAAAAAAAA /* Models */ = {
			isa = PBXGroup;
			children = (
				2A2A2A2A2A2A2A2A2A2A2A35 /* UserModel.swift */,
			);
			path = Models;
			sourceTree = "<group>";
		};
		BBBBBBBBBBBBBBBBBBBBBB /* Services */ = {
			isa = PBXGroup;
			children = (
				2A2A2A2A2A2A2A2A2A2A2A33 /* AuthenticationManager.swift */,
				2A2A2A2A2A2A2A2A2A2A2A34 /* NetworkManager.swift */,
			);
			path = Services;
			sourceTree = "<group>";
		};
/* End PBXGroup section */

/* Begin PBXNativeTarget section */
		CCCCCCCCCCCCCCCCCCCCCCCC /* CheckLoopApp */ = {
			isa = PBXNativeTarget;
			buildConfigurationList = DDDDDDDDDDDDDDDDDDDDDD /* Build configuration list for PBXNativeTarget "CheckLoopApp" */;
			buildPhases = (
				EEEEEEEEEEEEEEEEEEEEEE /* Sources */,
				5A5A5A5A5A5A5A5A5A5A5A5A /* Frameworks */,
				FFFFFFFFFFFFFFFFFFFFFFFF /* Resources */,
			);
			buildRules = (
			);
			dependencies = (
			);
			name = CheckLoopApp;
			productName = CheckLoopApp;
			productReference = 3A3A3A3A3A3A3A3A3A3A3A3A /* CheckLoopApp.app */;
			productType = "com.apple.product-type.application";
		};
/* End PBXNativeTarget section */

/* Begin PBXProject section */
		6A6A6A6A6A6A6A6A6A6A6A6B /* Project object */ = {
			isa = PBXProject;
			attributes = {
				BuildIndependentTargetsInParallel = 1;
				LastSwiftUpdateCheck = 1500;
				LastUpgradeCheck = 1500;
				TargetAttributes = {
					CCCCCCCCCCCCCCCCCCCCCCCC = {
						CreatedOnToolsVersion = 15.0;
					};
				};
			};
			buildConfigurationList = 1111111111111111111111 /* Build configuration list for PBXProject "CheckLoopApp" */;
			compatibilityVersion = "Xcode 14.0";
			developmentRegion = en;
			hasScannedForEncodings = 0;
			knownRegions = (
				en,
				Base,
			);
			mainGroup = 6A6A6A6A6A6A6A6A6A6A6A6A;
			productRefGroup = 8A8A8A8A8A8A8A8A8A8A8A8A /* Products */;
			projectDirPath = "";
			projectRoot = "";
			targets = (
				CCCCCCCCCCCCCCCCCCCCCCCC /* CheckLoopApp */,
			);
		};
/* End PBXProject section */

/* Begin PBXResourcesBuildPhase section */
		FFFFFFFFFFFFFFFFFFFFFFFF /* Resources */ = {
			isa = PBXResourcesBuildPhase;
			buildActionMask = 2147483647;
			files = (
				1A1A1A1A1A1A1A1A1A1A1A26 /* Assets.xcassets in Resources */,
			);
			runOnlyForDeploymentPostprocessing = 0;
		};
/* End PBXResourcesBuildPhase section */

/* Begin PBXSourcesBuildPhase section */
		EEEEEEEEEEEEEEEEEEEEEE /* Sources */ = {
			isa = PBXSourcesBuildPhase;
			buildActionMask = 2147483647;
			files = (
				1A1A1A1A1A1A1A1A1A1A1A1A /* CheckLoopApp.swift in Sources */,
				1A1A1A1A1A1A1A1A1A1A1A1B /* ContentView.swift in Sources */,
				1A1A1A1A1A1A1A1A1A1A1A1C /* LoginView.swift in Sources */,
				1A1A1A1A1A1A1A1A1A1A1A1D /* StaffDashboardView.swift in Sources */,
				1A1A1A1A1A1A1A1A1A1A1A1E /* TrainingView.swift in Sources */,
				1A1A1A1A1A1A1A1A1A1A1A1F /* QuizView.swift in Sources */,
				1A1A1A1A1A1A1A1A1A1A1A20 /* HolidaysView.swift in Sources */,
				1A1A1A1A1A1A1A1A1A1A1A21 /* ScansView.swift in Sources */,
				1A1A1A1A1A1A1A1A1A1A1A22 /* AchievementsView.swift in Sources */,
				1A1A1A1A1A1A1A1A1A1A1A23 /* AuthenticationManager.swift in Sources */,
				1A1A1A1A1A1A1A1A1A1A1A24 /* NetworkManager.swift in Sources */,
				1A1A1A1A1A1A1A1A1A1A1A25 /* UserModel.swift in Sources */,
			);
			runOnlyForDeploymentPostprocessing = 0;
		};
/* End PBXSourcesBuildPhase section */

/* Begin XCBuildConfiguration section */
		2222222222222222222222 /* Debug */ = {
			isa = XCBuildConfiguration;
			buildSettings = {
				ALWAYS_SEARCH_USER_PATHS = NO;
				CLANG_ANALYZER_NONNULL = YES;
				CLANG_CXX_LANGUAGE_STANDARD = "gnu++20";
				CLANG_ENABLE_MODULES = YES;
				CLANG_ENABLE_OBJC_ARC = YES;
				DEBUG_INFORMATION_FORMAT = dwarf;
				ENABLE_STRICT_OBJC_MSGSEND = YES;
				ENABLE_TESTABILITY = YES;
				GCC_C_LANGUAGE_STANDARD = gnu11;
				GCC_DYNAMIC_NO_PIC = NO;
				GCC_NO_COMMON_BLOCKS = YES;
				GCC_OPTIMIZATION_LEVEL = 0;
				GCC_PREPROCESSOR_DEFINITIONS = (
					"DEBUG=1",
					"$(inherited)",
				);
				GCC_WARN_64_TO_32_BIT_CONVERSION = YES;
				GCC_WARN_ABOUT_RETURN_TYPE = YES_ERROR;
				GCC_WARN_UNDECLARED_SELECTOR = YES;
				GCC_WARN_UNINITIALIZED_AUTOS = YES_AGGRESSIVE;
				GCC_WARN_UNUSED_FUNCTION = YES;
				GCC_WARN_UNUSED_VARIABLE = YES;
				IPHONEOS_DEPLOYMENT_TARGET = 16.0;
				MTL_ENABLE_DEBUG_INFO = INCLUDE_SOURCE;
				MTL_FAST_MATH = YES;
				ONLY_ACTIVE_ARCH = YES;
				SDKROOT = iphoneos;
				SWIFT_ACTIVE_COMPILATION_CONDITIONS = DEBUG;
				SWIFT_OPTIMIZATION_LEVEL = "-Onone";
			};
			name = Debug;
		};
		3333333333333333333333 /* Release */ = {
			isa = XCBuildConfiguration;
			buildSettings = {
				ALWAYS_SEARCH_USER_PATHS = NO;
				CLANG_ANALYZER_NONNULL = YES;
				CLANG_CXX_LANGUAGE_STANDARD = "gnu++20";
				CLANG_ENABLE_MODULES = YES;
				CLANG_ENABLE_OBJC_ARC = YES;
				DEBUG_INFORMATION_FORMAT = "dwarf-with-dsym";
				ENABLE_NS_ASSERTIONS = NO;
				ENABLE_STRICT_OBJC_MSGSEND = YES;
				GCC_C_LANGUAGE_STANDARD = gnu11;
				GCC_NO_COMMON_BLOCKS = YES;
				GCC_WARN_64_TO_32_BIT_CONVERSION = YES;
				GCC_WARN_ABOUT_RETURN_TYPE = YES_ERROR;
				GCC_WARN_UNDECLARED_SELECTOR = YES;
				GCC_WARN_UNINITIALIZED_AUTOS = YES_AGGRESSIVE;
				GCC_WARN_UNUSED_FUNCTION = YES;
				GCC_WARN_UNUSED_VARIABLE = YES;
				IPHONEOS_DEPLOYMENT_TARGET = 16.0;
				MTL_ENABLE_DEBUG_INFO = NO;
				MTL_FAST_MATH = YES;
				SDKROOT = iphoneos;
				SWIFT_COMPILATION_MODE = wholemodule;
				SWIFT_OPTIMIZATION_LEVEL = "-O";
				VALIDATE_PRODUCT = YES;
			};
			name = Release;
		};
		4444444444444444444444 /* Debug */ = {
			isa = XCBuildConfiguration;
			buildSettings = {
				ASSETCATALOG_COMPILER_APPICON_NAME = AppIcon;
				ASSETCATALOG_COMPILER_GLOBAL_ACCENT_COLOR_NAME = AccentColor;
				CODE_SIGN_STYLE = Automatic;
				CURRENT_PROJECT_VERSION = 1;
				DEVELOPMENT_ASSET_PATHS = "";
				DEVELOPMENT_TEAM = M6Y4594QHD;
				ENABLE_PREVIEWS = YES;
				GENERATE_INFOPLIST_FILE = YES;
				INFOPLIST_FILE = CheckLoopApp/Info.plist;
				INFOPLIST_KEY_UIApplicationSceneManifest_Generation = YES;
				INFOPLIST_KEY_UIApplicationSupportsIndirectInputEvents = YES;
				INFOPLIST_KEY_UILaunchScreen_Generation = YES;
				INFOPLIST_KEY_UISupportedInterfaceOrientations = UIInterfaceOrientationPortrait;
				INFOPLIST_KEY_UISupportedInterfaceOrientations_iPad = "UIInterfaceOrientationLandscapeLeft UIInterfaceOrientationLandscapeRight UIInterfaceOrientationPortrait UIInterfaceOrientationPortraitUpsideDown";
				LD_RUNPATH_SEARCH_PATHS = (
					"$(inherited)",
					"@executable_path/Frameworks",
				);
				MARKETING_VERSION = 1.0;
				PRODUCT_BUNDLE_IDENTIFIER = com.checkloop.app;
				PRODUCT_NAME = "$(TARGET_NAME)";
				SWIFT_EMIT_LOC_STRINGS = YES;
				SWIFT_VERSION = 5.0;
				TARGETED_DEVICE_FAMILY = 1;
			};
			name = Debug;
		};
		5555555555555555555555 /* Release */ = {
			isa = XCBuildConfiguration;
			buildSettings = {
				ASSETCATALOG_COMPILER_APPICON_NAME = AppIcon;
				ASSETCATALOG_COMPILER_GLOBAL_ACCENT_COLOR_NAME = AccentColor;
				CODE_SIGN_STYLE = Automatic;
				CURRENT_PROJECT_VERSION = 1;
				DEVELOPMENT_ASSET_PATHS = "";
				DEVELOPMENT_TEAM = M6Y4594QHD;
				ENABLE_PREVIEWS = YES;
				GENERATE_INFOPLIST_FILE = YES;
				INFOPLIST_FILE = CheckLoopApp/Info.plist;
				INFOPLIST_KEY_UIApplicationSceneManifest_Generation = YES;
				INFOPLIST_KEY_UIApplicationSupportsIndirectInputEvents = YES;
				INFOPLIST_KEY_UILaunchScreen_Generation = YES;
				INFOPLIST_KEY_UISupportedInterfaceOrientations = UIInterfaceOrientationPortrait;
				INFOPLIST_KEY_UISupportedInterfaceOrientations_iPad = "UIInterfaceOrientationLandscapeLeft UIInterfaceOrientationLandscapeRight UIInterfaceOrientationPortrait UIInterfaceOrientationPortraitUpsideDown";
				LD_RUNPATH_SEARCH_PATHS = (
					"$(inherited)",
					"@executable_path/Frameworks",
				);
				MARKETING_VERSION = 1.0;
				PRODUCT_BUNDLE_IDENTIFIER = com.checkloop.app;
				PRODUCT_NAME = "$(TARGET_NAME)";
				SWIFT_EMIT_LOC_STRINGS = YES;
				SWIFT_VERSION = 5.0;
				TARGETED_DEVICE_FAMILY = 1;
			};
			name = Release;
		};
/* End XCBuildConfiguration section */

/* Begin XCConfigurationList section */
		1111111111111111111111 /* Build configuration list for PBXProject "CheckLoopApp" */ = {
			isa = XCConfigurationList;
			buildConfigurations = (
				2222222222222222222222 /* Debug */,
				3333333333333333333333 /* Release */,
			);
			defaultConfigurationIsVisible = 0;
			defaultConfigurationName = Release;
		};
		DDDDDDDDDDDDDDDDDDDDDD /* Build configuration list for PBXNativeTarget "CheckLoopApp" */ = {
			isa = XCConfigurationList;
			buildConfigurations = (
				4444444444444444444444 /* Debug */,
				5555555555555555555555 /* Release */,
			);
			defaultConfigurationIsVisible = 0;
			defaultConfigurationName = Release;
		};
/* End XCConfigurationList section */
	};
	rootObject = 6A6A6A6A6A6A6A6A6A6A6A6B /* Project object */;
}
